
Microsoft Visual Studio Solution File, Format Version 12.00
# Visual Studio 14
VisualStudioVersion = 14.0.25420.1
MinimumVisualStudioVersion = 10.0.40219.1
Project("{FAE04EC0-301F-11D3-BF4B-00C04F79EFBC}") = "ExceptionHandling_T1", "ExceptionHandling_T1\ExceptionHandling_T1.csproj", "{97AB2A2A-D4C1-4670-AFE9-B596D1DFFB65}"
EndProject
Global
	GlobalSection(SolutionConfigurationPlatforms) = preSolution
		Debug|Any CPU = Debug|Any CPU
		Release|Any CPU = Release|Any CPU
	EndGlobalSection
	GlobalSection(ProjectConfigurationPlatforms) = postSolution
		{97AB2A2A-D4C1-4670-AFE9-B596D1DFFB65}.Debug|Any CPU.ActiveCfg = Debug|Any CPU
		{97AB2A2A-D4C1-4670-AFE9-B596D1DFFB65}.Debug|Any CPU.Build.0 = Debug|Any CPU
		{97AB2A2A-D4C1-4670-AFE9-B596D1DFFB65}.Release|Any CPU.ActiveCfg = Release|Any CPU
		{97AB2A2A-D4C1-4670-AFE9-B596D1DFFB65}.Release|Any CPU.Build.0 = Release|Any CPU
	EndGlobalSection
	GlobalSection(SolutionProperties) = preSolution
		HideSolutionNode = FALSE
	EndGlobalSection
EndGlobal
